
Microsoft Visual Studio Solution File, Format Version 12.00
# Visual Studio 15
VisualStudioVersion = 15.0.28307.329
MinimumVisualStudioVersion = 10.0.40219.1
Project("{FAE04EC0-301F-11D3-BF4B-00C04F79EFBC}") = "SimonDiceAPI", "SimonDiceAPI\SimonDiceAPI.csproj", "{260454E1-7675-45C2-BDDA-F20899C3A289}"
EndProject
Global
	GlobalSection(SolutionConfigurationPlatforms) = preSolution
		Debug|Any CPU = Debug|Any CPU
		Release|Any CPU = Release|Any CPU
	EndGlobalSection
	GlobalSection(ProjectConfigurationPlatforms) = postSolution
		{260454E1-7675-45C2-BDDA-F20899C3A289}.Debug|Any CPU.ActiveCfg = Debug|Any CPU
		{260454E1-7675-45C2-BDDA-F20899C3A289}.Debug|Any CPU.Build.0 = Debug|Any CPU
		{260454E1-7675-45C2-BDDA-F20899C3A289}.Release|Any CPU.ActiveCfg = Release|Any CPU
		{260454E1-7675-45C2-BDDA-F20899C3A289}.Release|Any CPU.Build.0 = Release|Any CPU
	EndGlobalSection
	GlobalSection(SolutionProperties) = preSolution
		HideSolutionNode = FALSE
	EndGlobalSection
	GlobalSection(ExtensibilityGlobals) = postSolution
		SolutionGuid = {FADA8D73-7AA3-4DB8-8281-87845555C45E}
	EndGlobalSection
EndGlobal
